[{<<"ekaf">>,
  {git,"https://github.com/helpshift/ekaf",
       {ref,"8967b8a0cf650c80656d48fcdcd1e1b3c8d8d6a7"}},
  0},
 {<<"gproc">>,
  {git,"https://github.com/uwiger/gproc.git",
       {ref,"ce7397809aca0d6eb3aac6db65953752e47fb511"}},
  1},
 {<<"kafkamocker">>,
  {git,"https://github.com/helpshift/kafkamocker",
       {ref,"b3fdeb58a1eca1c864a45f35a4e5632e74f43a24"}},
  1},
 {<<"ranch">>,
  {git,"https://github.com/extend/ranch.git",
       {ref,"cbe24f6fb9833474b22a06fc22cb1a8f168f7fbc"}},
  2}].
